
Microsoft Visual Studio Solution File, Format Version 12.00
# Visual Studio Version 17
VisualStudioVersion = 17.7.34031.279
MinimumVisualStudioVersion = 10.0.40219.1
Project("{FAE04EC0-301F-11D3-BF4B-00C04F79EFBC}") = "Room resevation", "Room resevation\Room resevation.csproj", "{49F7283D-ED2A-4F5F-89C4-3F69316B44BD}"
EndProject
Global
	GlobalSection(SolutionConfigurationPlatforms) = preSolution
		Debug|Any CPU = Debug|Any CPU
		Release|Any CPU = Release|Any CPU
	EndGlobalSection
	GlobalSection(ProjectConfigurationPlatforms) = postSolution
		{49F7283D-ED2A-4F5F-89C4-3F69316B44BD}.Debug|Any CPU.ActiveCfg = Debug|Any CPU
		{49F7283D-ED2A-4F5F-89C4-3F69316B44BD}.Debug|Any CPU.Build.0 = Debug|Any CPU
		{49F7283D-ED2A-4F5F-89C4-3F69316B44BD}.Release|Any CPU.ActiveCfg = Release|Any CPU
		{49F7283D-ED2A-4F5F-89C4-3F69316B44BD}.Release|Any CPU.Build.0 = Release|Any CPU
	EndGlobalSection
	GlobalSection(SolutionProperties) = preSolution
		HideSolutionNode = FALSE
	EndGlobalSection
	GlobalSection(ExtensibilityGlobals) = postSolution
		SolutionGuid = {E5DFD1E0-0C3F-4437-8588-3CE33ACA01F5}
	EndGlobalSection
EndGlobal
